
Microsoft Visual Studio Solution File, Format Version 12.00
# Visual Studio Version 17
VisualStudioVersion = 17.2.32519.379
MinimumVisualStudioVersion = 10.0.40219.1
Project("{FAE04EC0-301F-11D3-BF4B-00C04F79EFBC}") = "DominicanBanking.WebApp", "DominicanBanking\DominicanBanking.WebApp.csproj", "{E107C687-E73C-47EA-B670-B5C846E04C53}"
EndProject
Project("{2150E333-8FDC-42A3-9474-1A3956D46DE8}") = "Core", "Core", "{33A5F187-EB28-4AF3-948C-1E374938D9FC}"
EndProject
Project("{2150E333-8FDC-42A3-9474-1A3956D46DE8}") = "Infrastructure", "Infrastructure", "{03BEB9D8-ACAD-4EEC-B503-D9472433B5A6}"
EndProject
Project("{2150E333-8FDC-42A3-9474-1A3956D46DE8}") = "WebApp", "WebApp", "{D01A3C7B-C768-4A21-9B13-4BF192DD7797}"
EndProject
Project("{FAE04EC0-301F-11D3-BF4B-00C04F79EFBC}") = "DominicanBanking.Infrastructure.Shared", "DominicanBanking.Infrastructure.Shared\DominicanBanking.Infrastructure.Shared.csproj", "{DA35C4F5-50B4-4C48-910E-A45538EBF43C}"
EndProject
Project("{FAE04EC0-301F-11D3-BF4B-00C04F79EFBC}") = "DominicanBanking.Infrastructure.Persistence", "DominicanBanking.Infrastructure.Persistence\DominicanBanking.Infrastructure.Persistence.csproj", "{B04864D9-E7D4-4C58-8495-53385B141864}"
EndProject
Project("{FAE04EC0-301F-11D3-BF4B-00C04F79EFBC}") = "DominicanBanking.Core.Domain", "DominicanBanking.Core.Domain\DominicanBanking.Core.Domain.csproj", "{449294F7-157E-412B-BE63-D0E589D14657}"
EndProject
Project("{FAE04EC0-301F-11D3-BF4B-00C04F79EFBC}") = "DominicanBanking.Core.Application", "DominicanBanking.Core.Application\DominicanBanking.Core.Application.csproj", "{6D6F0ED6-489C-429C-929D-E350691C3C0E}"
EndProject
Project("{FAE04EC0-301F-11D3-BF4B-00C04F79EFBC}") = "DominicanBanking.Infrastructure.Identity", "DominicanBanking.Infrastructure.Identity\DominicanBanking.Infrastructure.Identity.csproj", "{DC92E45F-9B20-4258-AC24-A148BBF0CC70}"
EndProject
Global
	GlobalSection(SolutionConfigurationPlatforms) = preSolution
		Debug|Any CPU = Debug|Any CPU
		Release|Any CPU = Release|Any CPU
	EndGlobalSection
	GlobalSection(ProjectConfigurationPlatforms) = postSolution
		{E107C687-E73C-47EA-B670-B5C846E04C53}.Debug|Any CPU.ActiveCfg = Debug|Any CPU
		{E107C687-E73C-47EA-B670-B5C846E04C53}.Debug|Any CPU.Build.0 = Debug|Any CPU
		{E107C687-E73C-47EA-B670-B5C846E04C53}.Release|Any CPU.ActiveCfg = Release|Any CPU
		{E107C687-E73C-47EA-B670-B5C846E04C53}.Release|Any CPU.Build.0 = Release|Any CPU
		{DA35C4F5-50B4-4C48-910E-A45538EBF43C}.Debug|Any CPU.ActiveCfg = Debug|Any CPU
		{DA35C4F5-50B4-4C48-910E-A45538EBF43C}.Debug|Any CPU.Build.0 = Debug|Any CPU
		{DA35C4F5-50B4-4C48-910E-A45538EBF43C}.Release|Any CPU.ActiveCfg = Release|Any CPU
		{DA35C4F5-50B4-4C48-910E-A45538EBF43C}.Release|Any CPU.Build.0 = Release|Any CPU
		{B04864D9-E7D4-4C58-8495-53385B141864}.Debug|Any CPU.ActiveCfg = Debug|Any CPU
		{B04864D9-E7D4-4C58-8495-53385B141864}.Debug|Any CPU.Build.0 = Debug|Any CPU
		{B04864D9-E7D4-4C58-8495-53385B141864}.Release|Any CPU.ActiveCfg = Release|Any CPU
		{B04864D9-E7D4-4C58-8495-53385B141864}.Release|Any CPU.Build.0 = Release|Any CPU
		{449294F7-157E-412B-BE63-D0E589D14657}.Debug|Any CPU.ActiveCfg = Debug|Any CPU
		{449294F7-157E-412B-BE63-D0E589D14657}.Debug|Any CPU.Build.0 = Debug|Any CPU
		{449294F7-157E-412B-BE63-D0E589D14657}.Release|Any CPU.ActiveCfg = Release|Any CPU
		{449294F7-157E-412B-BE63-D0E589D14657}.Release|Any CPU.Build.0 = Release|Any CPU
		{6D6F0ED6-489C-429C-929D-E350691C3C0E}.Debug|Any CPU.ActiveCfg = Debug|Any CPU
		{6D6F0ED6-489C-429C-929D-E350691C3C0E}.Debug|Any CPU.Build.0 = Debug|Any CPU
		{6D6F0ED6-489C-429C-929D-E350691C3C0E}.Release|Any CPU.ActiveCfg = Release|Any CPU
		{6D6F0ED6-489C-429C-929D-E350691C3C0E}.Release|Any CPU.Build.0 = Release|Any CPU
		{DC92E45F-9B20-4258-AC24-A148BBF0CC70}.Debug|Any CPU.ActiveCfg = Debug|Any CPU
		{DC92E45F-9B20-4258-AC24-A148BBF0CC70}.Debug|Any CPU.Build.0 = Debug|Any CPU
		{DC92E45F-9B20-4258-AC24-A148BBF0CC70}.Release|Any CPU.ActiveCfg = Release|Any CPU
		{DC92E45F-9B20-4258-AC24-A148BBF0CC70}.Release|Any CPU.Build.0 = Release|Any CPU
	EndGlobalSection
	GlobalSection(SolutionProperties) = preSolution
		HideSolutionNode = FALSE
	EndGlobalSection
	GlobalSection(NestedProjects) = preSolution
		{E107C687-E73C-47EA-B670-B5C846E04C53} = {D01A3C7B-C768-4A21-9B13-4BF192DD7797}
		{DA35C4F5-50B4-4C48-910E-A45538EBF43C} = {03BEB9D8-ACAD-4EEC-B503-D9472433B5A6}
		{B04864D9-E7D4-4C58-8495-53385B141864} = {03BEB9D8-ACAD-4EEC-B503-D9472433B5A6}
		{449294F7-157E-412B-BE63-D0E589D14657} = {33A5F187-EB28-4AF3-948C-1E374938D9FC}
		{6D6F0ED6-489C-429C-929D-E350691C3C0E} = {33A5F187-EB28-4AF3-948C-1E374938D9FC}
		{DC92E45F-9B20-4258-AC24-A148BBF0CC70} = {03BEB9D8-ACAD-4EEC-B503-D9472433B5A6}
	EndGlobalSection
	GlobalSection(ExtensibilityGlobals) = postSolution
		SolutionGuid = {2811F73E-DE13-4B9D-9E22-ABF0BE3AF85D}
	EndGlobalSection
EndGlobal
